
Microsoft Visual Studio Solution File, Format Version 12.00
# Visual Studio Version 17
VisualStudioVersion = 17.4.33205.214
MinimumVisualStudioVersion = 10.0.40219.1
Project("{8BC9CEB8-8B4A-11D0-8D11-00A0C91BC942}") = "Lab4_1", "Lab4_1.vcxproj", "{76A194CF-ADAA-4B1D-8166-F4A523DB4CA1}"
EndProject
Project("{8BC9CEB8-8B4A-11D0-8D11-00A0C91BC942}") = "UnitTest1", "..\UnitTest1\UnitTest1.vcxproj", "{A8689F8B-ED99-4213-84B9-968546269F2C}"
EndProject
Global
	GlobalSection(SolutionConfigurationPlatforms) = preSolution
		Debug|x64 = Debug|x64
		Debug|x86 = Debug|x86
		Release|x64 = Release|x64
		Release|x86 = Release|x86
	EndGlobalSection
	GlobalSection(ProjectConfigurationPlatforms) = postSolution
		{76A194CF-ADAA-4B1D-8166-F4A523DB4CA1}.Debug|x64.ActiveCfg = Debug|x64
		{76A194CF-ADAA-4B1D-8166-F4A523DB4CA1}.Debug|x64.Build.0 = Debug|x64
		{76A194CF-ADAA-4B1D-8166-F4A523DB4CA1}.Debug|x86.ActiveCfg = Debug|Win32
		{76A194CF-ADAA-4B1D-8166-F4A523DB4CA1}.Debug|x86.Build.0 = Debug|Win32
		{76A194CF-ADAA-4B1D-8166-F4A523DB4CA1}.Release|x64.ActiveCfg = Release|x64
		{76A194CF-ADAA-4B1D-8166-F4A523DB4CA1}.Release|x64.Build.0 = Release|x64
		{76A194CF-ADAA-4B1D-8166-F4A523DB4CA1}.Release|x86.ActiveCfg = Release|Win32
		{76A194CF-ADAA-4B1D-8166-F4A523DB4CA1}.Release|x86.Build.0 = Release|Win32
		{A8689F8B-ED99-4213-84B9-968546269F2C}.Debug|x64.ActiveCfg = Debug|x64
		{A8689F8B-ED99-4213-84B9-968546269F2C}.Debug|x64.Build.0 = Debug|x64
		{A8689F8B-ED99-4213-84B9-968546269F2C}.Debug|x86.ActiveCfg = Debug|Win32
		{A8689F8B-ED99-4213-84B9-968546269F2C}.Debug|x86.Build.0 = Debug|Win32
		{A8689F8B-ED99-4213-84B9-968546269F2C}.Release|x64.ActiveCfg = Release|x64
		{A8689F8B-ED99-4213-84B9-968546269F2C}.Release|x64.Build.0 = Release|x64
		{A8689F8B-ED99-4213-84B9-968546269F2C}.Release|x86.ActiveCfg = Release|Win32
		{A8689F8B-ED99-4213-84B9-968546269F2C}.Release|x86.Build.0 = Release|Win32
	EndGlobalSection
	GlobalSection(SolutionProperties) = preSolution
		HideSolutionNode = FALSE
	EndGlobalSection
	GlobalSection(ExtensibilityGlobals) = postSolution
		SolutionGuid = {229D9217-953A-4B1A-B60E-EB9C1906D9DB}
	EndGlobalSection
EndGlobal
